
Microsoft Visual Studio Solution File, Format Version 12.00
# Visual Studio Version 16
VisualStudioVersion = 16.0.31702.278
MinimumVisualStudioVersion = 10.0.40219.1
Project("{FAE04EC0-301F-11D3-BF4B-00C04F79EFBC}") = "BlockBusterLab", "BlockBusterLab.csproj", "{A5BF51CB-EC7B-4946-8EC8-49B1F48F3322}"
EndProject
Global
	GlobalSection(SolutionConfigurationPlatforms) = preSolution
		Debug|Any CPU = Debug|Any CPU
		Release|Any CPU = Release|Any CPU
	EndGlobalSection
	GlobalSection(ProjectConfigurationPlatforms) = postSolution
		{A5BF51CB-EC7B-4946-8EC8-49B1F48F3322}.Debug|Any CPU.ActiveCfg = Debug|Any CPU
		{A5BF51CB-EC7B-4946-8EC8-49B1F48F3322}.Debug|Any CPU.Build.0 = Debug|Any CPU
		{A5BF51CB-EC7B-4946-8EC8-49B1F48F3322}.Release|Any CPU.ActiveCfg = Release|Any CPU
		{A5BF51CB-EC7B-4946-8EC8-49B1F48F3322}.Release|Any CPU.Build.0 = Release|Any CPU
	EndGlobalSection
	GlobalSection(SolutionProperties) = preSolution
		HideSolutionNode = FALSE
	EndGlobalSection
	GlobalSection(ExtensibilityGlobals) = postSolution
		SolutionGuid = {6D72B830-2DE6-4F0D-8777-FA96BAEE68F2}
	EndGlobalSection
EndGlobal
